// !$*UTF8*$!
{
	archiveVersion = 1;
	classes = {
	};
	objectVersion = 46;
	objects = {

/* Begin PBXBuildFile section */
		0E0FC1EA1D5522940059DA17 /* Constants.m in Sources */ = {isa = PBXBuildFile; fileRef = 0E0FC1E91D5522940059DA17 /* Constants.m */; };
		0E0FC1F11D5529EE0059DA17 /* MapViewController.m in Sources */ = {isa = PBXBuildFile; fileRef = 0E0FC1F01D5529EE0059DA17 /* MapViewController.m */; };
		0E0FC1F41D5530090059DA17 /* NSManagedObject+ManagedContext.m in Sources */ = {isa = PBXBuildFile; fileRef = 0E0FC1F31D5530090059DA17 /* NSManagedObject+ManagedContext.m */; };
		0E0FC1FA1D554CE50059DA17 /* CustomPointAnnotation.m in Sources */ = {isa = PBXBuildFile; fileRef = 0E0FC1F91D554CE50059DA17 /* CustomPointAnnotation.m */; };
		0E0FC20B1D582E330059DA17 /* PhotoPickerViewController.m in Sources */ = {isa = PBXBuildFile; fileRef = 0E0FC20A1D582E330059DA17 /* PhotoPickerViewController.m */; };
		0E0FC20E1D582E9C0059DA17 /* PhotoCollectionViewCell.m in Sources */ = {isa = PBXBuildFile; fileRef = 0E0FC20D1D582E9C0059DA17 /* PhotoCollectionViewCell.m */; };
		0E0FC2131D5AB4F70059DA17 /* PresentationViewController.m in Sources */ = {isa = PBXBuildFile; fileRef = 0E0FC2121D5AB4F70059DA17 /* PresentationViewController.m */; };
		0E0FC2161D5AB7D70059DA17 /* PresentationCollectionViewCell.m in Sources */ = {isa = PBXBuildFile; fileRef = 0E0FC2151D5AB7D70059DA17 /* PresentationCollectionViewCell.m */; };
		141B0E341D53EB14008CE05B /* main.m in Sources */ = {isa = PBXBuildFile; fileRef = 141B0E331D53EB14008CE05B /* main.m */; };
		141B0E371D53EB14008CE05B /* AppDelegate.m in Sources */ = {isa = PBXBuildFile; fileRef = 141B0E361D53EB14008CE05B /* AppDelegate.m */; };
		141B0E401D53EB15008CE05B /* MYtinerary.xcdatamodeld in Sources */ = {isa = PBXBuildFile; fileRef = 141B0E3E1D53EB15008CE05B /* MYtinerary.xcdatamodeld */; };
		141B0E421D53EB15008CE05B /* Assets.xcassets in Resources */ = {isa = PBXBuildFile; fileRef = 141B0E411D53EB15008CE05B /* Assets.xcassets */; };
		141B0E451D53EB15008CE05B /* LaunchScreen.storyboard in Resources */ = {isa = PBXBuildFile; fileRef = 141B0E431D53EB15008CE05B /* LaunchScreen.storyboard */; };
		141B0E591D53EDC6008CE05B /* Record.m in Sources */ = {isa = PBXBuildFile; fileRef = 141B0E531D53EDC6008CE05B /* Record.m */; };
		141B0E5B1D53EDC6008CE05B /* Itinerary.m in Sources */ = {isa = PBXBuildFile; fileRef = 141B0E571D53EDC6008CE05B /* Itinerary.m */; };
		141B0E671D53F3D9008CE05B /* Itinerary+CoreDataProperties.m in Sources */ = {isa = PBXBuildFile; fileRef = 141B0E641D53F3D9008CE05B /* Itinerary+CoreDataProperties.m */; };
		141B0E681D53F3D9008CE05B /* Record+CoreDataProperties.m in Sources */ = {isa = PBXBuildFile; fileRef = 141B0E661D53F3D9008CE05B /* Record+CoreDataProperties.m */; };
		141B0E6A1D53F505008CE05B /* MapKit.framework in Frameworks */ = {isa = PBXBuildFile; fileRef = 141B0E691D53F505008CE05B /* MapKit.framework */; };
		147E19711D597844006B6A50 /* ItinerariesViewController.m in Sources */ = {isa = PBXBuildFile; fileRef = 147E19701D597844006B6A50 /* ItinerariesViewController.m */; };
		636B4E5B1D57AC7B00781B7F /* CustomLoginViewController.m in Sources */ = {isa = PBXBuildFile; fileRef = 636B4E5A1D57AC7B00781B7F /* CustomLoginViewController.m */; };
		637DE5481D55444C001547FB /* Bolts.framework in Frameworks */ = {isa = PBXBuildFile; fileRef = 637DE5471D55444C001547FB /* Bolts.framework */; };
		637DE54A1D554462001547FB /* Parse.framework in Frameworks */ = {isa = PBXBuildFile; fileRef = 637DE5491D554462001547FB /* Parse.framework */; };
		637DE54B1D55448B001547FB /* Bolts.framework in CopyFiles */ = {isa = PBXBuildFile; fileRef = 637DE5471D55444C001547FB /* Bolts.framework */; settings = {ATTRIBUTES = (CodeSignOnCopy, RemoveHeadersOnCopy, ); }; };
		637DE54C1D55448B001547FB /* Parse.framework in CopyFiles */ = {isa = PBXBuildFile; fileRef = 637DE5491D554462001547FB /* Parse.framework */; settings = {ATTRIBUTES = (CodeSignOnCopy, RemoveHeadersOnCopy, ); }; };
		637F66CF1D553E5B00A1B20B /* ParseUI.framework in Frameworks */ = {isa = PBXBuildFile; fileRef = 637F66CE1D553E5B00A1B20B /* ParseUI.framework */; };
		637F66D11D553E8800A1B20B /* ParseUI.framework in CopyFiles */ = {isa = PBXBuildFile; fileRef = 637F66CE1D553E5B00A1B20B /* ParseUI.framework */; settings = {ATTRIBUTES = (CodeSignOnCopy, RemoveHeadersOnCopy, ); }; };
		63EAC2A51D5BB6BC00372F6B /* Main.storyboard in Resources */ = {isa = PBXBuildFile; fileRef = 63EAC2A41D5BB6BC00372F6B /* Main.storyboard */; };
		D946C4061D590C15002A4830 /* ParseDataController.m in Sources */ = {isa = PBXBuildFile; fileRef = D946C4051D590C15002A4830 /* ParseDataController.m */; };
		D946C4091D5A5DE4002A4830 /* RecordsViewController.m in Sources */ = {isa = PBXBuildFile; fileRef = D946C4081D5A5DE4002A4830 /* RecordsViewController.m */; };
/* End PBXBuildFile section */

/* Begin PBXCopyFilesBuildPhase section */
		637F66D01D553E7800A1B20B /* CopyFiles */ = {
			isa = PBXCopyFilesBuildPhase;
			buildActionMask = 2147483647;
			dstPath = "";
			dstSubfolderSpec = 10;
			files = (
				637DE54B1D55448B001547FB /* Bolts.framework in CopyFiles */,
				637DE54C1D55448B001547FB /* Parse.framework in CopyFiles */,
				637F66D11D553E8800A1B20B /* ParseUI.framework in CopyFiles */,
			);
			runOnlyForDeploymentPostprocessing = 0;
		};
/* End PBXCopyFilesBuildPhase section */

/* Begin PBXFileReference section */
		0E0FC1E81D5522940059DA17 /* Constants.h */ = {isa = PBXFileReference; fileEncoding = 4; lastKnownFileType = sourcecode.c.h; path = Constants.h; sourceTree = "<group>"; };
		0E0FC1E91D5522940059DA17 /* Constants.m */ = {isa = PBXFileReference; fileEncoding = 4; lastKnownFileType = sourcecode.c.objc; path = Constants.m; sourceTree = "<group>"; };
		0E0FC1EF1D5529EE0059DA17 /* MapViewController.h */ = {isa = PBXFileReference; fileEncoding = 4; lastKnownFileType = sourcecode.c.h; name = MapViewController.h; path = ../MapViewController.h; sourceTree = "<group>"; };
		0E0FC1F01D5529EE0059DA17 /* MapViewController.m */ = {isa = PBXFileReference; fileEncoding = 4; lastKnownFileType = sourcecode.c.objc; name = MapViewController.m; path = ../MapViewController.m; sourceTree = "<group>"; };
		0E0FC1F21D5530090059DA17 /* NSManagedObject+ManagedContext.h */ = {isa = PBXFileReference; fileEncoding = 4; lastKnownFileType = sourcecode.c.h; path = "NSManagedObject+ManagedContext.h"; sourceTree = "<group>"; };
		0E0FC1F31D5530090059DA17 /* NSManagedObject+ManagedContext.m */ = {isa = PBXFileReference; fileEncoding = 4; lastKnownFileType = sourcecode.c.objc; path = "NSManagedObject+ManagedContext.m"; sourceTree = "<group>"; };
		0E0FC1F81D554CE50059DA17 /* CustomPointAnnotation.h */ = {isa = PBXFileReference; fileEncoding = 4; lastKnownFileType = sourcecode.c.h; path = CustomPointAnnotation.h; sourceTree = "<group>"; };
		0E0FC1F91D554CE50059DA17 /* CustomPointAnnotation.m */ = {isa = PBXFileReference; fileEncoding = 4; lastKnownFileType = sourcecode.c.objc; path = CustomPointAnnotation.m; sourceTree = "<group>"; };
		0E0FC2091D582E330059DA17 /* PhotoPickerViewController.h */ = {isa = PBXFileReference; fileEncoding = 4; lastKnownFileType = sourcecode.c.h; path = PhotoPickerViewController.h; sourceTree = "<group>"; };
		0E0FC20A1D582E330059DA17 /* PhotoPickerViewController.m */ = {isa = PBXFileReference; fileEncoding = 4; lastKnownFileType = sourcecode.c.objc; path = PhotoPickerViewController.m; sourceTree = "<group>"; };
		0E0FC20C1D582E9C0059DA17 /* PhotoCollectionViewCell.h */ = {isa = PBXFileReference; fileEncoding = 4; lastKnownFileType = sourcecode.c.h; path = PhotoCollectionViewCell.h; sourceTree = "<group>"; };
		0E0FC20D1D582E9C0059DA17 /* PhotoCollectionViewCell.m */ = {isa = PBXFileReference; fileEncoding = 4; lastKnownFileType = sourcecode.c.objc; path = PhotoCollectionViewCell.m; sourceTree = "<group>"; };
		0E0FC2111D5AB4F70059DA17 /* PresentationViewController.h */ = {isa = PBXFileReference; fileEncoding = 4; lastKnownFileType = sourcecode.c.h; path = PresentationViewController.h; sourceTree = "<group>"; };
		0E0FC2121D5AB4F70059DA17 /* PresentationViewController.m */ = {isa = PBXFileReference; fileEncoding = 4; lastKnownFileType = sourcecode.c.objc; path = PresentationViewController.m; sourceTree = "<group>"; };
		0E0FC2141D5AB7D70059DA17 /* PresentationCollectionViewCell.h */ = {isa = PBXFileReference; fileEncoding = 4; lastKnownFileType = sourcecode.c.h; path = PresentationCollectionViewCell.h; sourceTree = "<group>"; };
		0E0FC2151D5AB7D70059DA17 /* PresentationCollectionViewCell.m */ = {isa = PBXFileReference; fileEncoding = 4; lastKnownFileType = sourcecode.c.objc; path = PresentationCollectionViewCell.m; sourceTree = "<group>"; };
		141B0E2F1D53EB14008CE05B /* MYtinerary.app */ = {isa = PBXFileReference; explicitFileType = wrapper.application; includeInIndex = 0; path = MYtinerary.app; sourceTree = BUILT_PRODUCTS_DIR; };
		141B0E331D53EB14008CE05B /* main.m */ = {isa = PBXFileReference; lastKnownFileType = sourcecode.c.objc; path = main.m; sourceTree = "<group>"; };
		141B0E351D53EB14008CE05B /* AppDelegate.h */ = {isa = PBXFileReference; lastKnownFileType = sourcecode.c.h; path = AppDelegate.h; sourceTree = "<group>"; };
		141B0E361D53EB14008CE05B /* AppDelegate.m */ = {isa = PBXFileReference; lastKnownFileType = sourcecode.c.objc; path = AppDelegate.m; sourceTree = "<group>"; };
		141B0E3F1D53EB15008CE05B /* MYtinerary.xcdatamodel */ = {isa = PBXFileReference; lastKnownFileType = wrapper.xcdatamodel; path = MYtinerary.xcdatamodel; sourceTree = "<group>"; };
		141B0E411D53EB15008CE05B /* Assets.xcassets */ = {isa = PBXFileReference; lastKnownFileType = folder.assetcatalog; path = Assets.xcassets; sourceTree = "<group>"; };
		141B0E441D53EB15008CE05B /* Base */ = {isa = PBXFileReference; lastKnownFileType = file.storyboard; name = Base; path = Base.lproj/LaunchScreen.storyboard; sourceTree = "<group>"; };
		141B0E461D53EB15008CE05B /* Info.plist */ = {isa = PBXFileReference; lastKnownFileType = text.plist.xml; path = Info.plist; sourceTree = "<group>"; };
		141B0E521D53EDC6008CE05B /* Record.h */ = {isa = PBXFileReference; fileEncoding = 4; lastKnownFileType = sourcecode.c.h; path = Record.h; sourceTree = "<group>"; };
		141B0E531D53EDC6008CE05B /* Record.m */ = {isa = PBXFileReference; fileEncoding = 4; lastKnownFileType = sourcecode.c.objc; path = Record.m; sourceTree = "<group>"; };
		141B0E561D53EDC6008CE05B /* Itinerary.h */ = {isa = PBXFileReference; fileEncoding = 4; lastKnownFileType = sourcecode.c.h; path = Itinerary.h; sourceTree = "<group>"; };
		141B0E571D53EDC6008CE05B /* Itinerary.m */ = {isa = PBXFileReference; fileEncoding = 4; lastKnownFileType = sourcecode.c.objc; path = Itinerary.m; sourceTree = "<group>"; };
		141B0E631D53F3D9008CE05B /* Itinerary+CoreDataProperties.h */ = {isa = PBXFileReference; fileEncoding = 4; lastKnownFileType = sourcecode.c.h; path = "Itinerary+CoreDataProperties.h"; sourceTree = "<group>"; };
		141B0E641D53F3D9008CE05B /* Itinerary+CoreDataProperties.m */ = {isa = PBXFileReference; fileEncoding = 4; lastKnownFileType = sourcecode.c.objc; path = "Itinerary+CoreDataProperties.m"; sourceTree = "<group>"; };
		141B0E651D53F3D9008CE05B /* Record+CoreDataProperties.h */ = {isa = PBXFileReference; fileEncoding = 4; lastKnownFileType = sourcecode.c.h; path = "Record+CoreDataProperties.h"; sourceTree = "<group>"; };
		141B0E661D53F3D9008CE05B /* Record+CoreDataProperties.m */ = {isa = PBXFileReference; fileEncoding = 4; lastKnownFileType = sourcecode.c.objc; path = "Record+CoreDataProperties.m"; sourceTree = "<group>"; };
		141B0E691D53F505008CE05B /* MapKit.framework */ = {isa = PBXFileReference; lastKnownFileType = wrapper.framework; name = MapKit.framework; path = System/Library/Frameworks/MapKit.framework; sourceTree = SDKROOT; };
		147E196E1D5938C0006B6A50 /* Credentials.h */ = {isa = PBXFileReference; lastKnownFileType = sourcecode.c.h; path = Credentials.h; sourceTree = "<group>"; };
		147E196F1D597844006B6A50 /* ItinerariesViewController.h */ = {isa = PBXFileReference; fileEncoding = 4; lastKnownFileType = sourcecode.c.h; path = ItinerariesViewController.h; sourceTree = "<group>"; };
		147E19701D597844006B6A50 /* ItinerariesViewController.m */ = {isa = PBXFileReference; fileEncoding = 4; lastKnownFileType = sourcecode.c.objc; path = ItinerariesViewController.m; sourceTree = "<group>"; };
		636B4E591D57AC7B00781B7F /* CustomLoginViewController.h */ = {isa = PBXFileReference; fileEncoding = 4; lastKnownFileType = sourcecode.c.h; path = CustomLoginViewController.h; sourceTree = "<group>"; };
		636B4E5A1D57AC7B00781B7F /* CustomLoginViewController.m */ = {isa = PBXFileReference; fileEncoding = 4; lastKnownFileType = sourcecode.c.objc; path = CustomLoginViewController.m; sourceTree = "<group>"; };
		637DE5471D55444C001547FB /* Bolts.framework */ = {isa = PBXFileReference; lastKnownFileType = wrapper.framework; name = Bolts.framework; path = ../Bolts.framework; sourceTree = "<group>"; };
		637DE5491D554462001547FB /* Parse.framework */ = {isa = PBXFileReference; lastKnownFileType = wrapper.framework; name = Parse.framework; path = ../Parse.framework; sourceTree = "<group>"; };
		637F66CE1D553E5B00A1B20B /* ParseUI.framework */ = {isa = PBXFileReference; lastKnownFileType = wrapper.framework; name = ParseUI.framework; path = ../ParseUI.framework; sourceTree = "<group>"; };
		63EAC2A41D5BB6BC00372F6B /* Main.storyboard */ = {isa = PBXFileReference; fileEncoding = 4; lastKnownFileType = file.storyboard; path = Main.storyboard; sourceTree = "<group>"; };
		D946C4041D590C15002A4830 /* ParseDataController.h */ = {isa = PBXFileReference; fileEncoding = 4; lastKnownFileType = sourcecode.c.h; path = ParseDataController.h; sourceTree = "<group>"; };
		D946C4051D590C15002A4830 /* ParseDataController.m */ = {isa = PBXFileReference; fileEncoding = 4; lastKnownFileType = sourcecode.c.objc; path = ParseDataController.m; sourceTree = "<group>"; };
		D946C4071D5A5DE4002A4830 /* RecordsViewController.h */ = {isa = PBXFileReference; fileEncoding = 4; lastKnownFileType = sourcecode.c.h; path = RecordsViewController.h; sourceTree = "<group>"; };
		D946C4081D5A5DE4002A4830 /* RecordsViewController.m */ = {isa = PBXFileReference; fileEncoding = 4; lastKnownFileType = sourcecode.c.objc; path = RecordsViewController.m; sourceTree = "<group>"; };
/* End PBXFileReference section */

/* Begin PBXFrameworksBuildPhase section */
		141B0E2C1D53EB14008CE05B /* Frameworks */ = {
			isa = PBXFrameworksBuildPhase;
			buildActionMask = 2147483647;
			files = (
				637DE5481D55444C001547FB /* Bolts.framework in Frameworks */,
				637F66CF1D553E5B00A1B20B /* ParseUI.framework in Frameworks */,
				637DE54A1D554462001547FB /* Parse.framework in Frameworks */,
				141B0E6A1D53F505008CE05B /* MapKit.framework in Frameworks */,
			);
			runOnlyForDeploymentPostprocessing = 0;
		};
/* End PBXFrameworksBuildPhase section */

/* Begin PBXGroup section */
		0E0FC1EB1D55229B0059DA17 /* Utilities */ = {
			isa = PBXGroup;
			children = (
				0E0FC1E81D5522940059DA17 /* Constants.h */,
				0E0FC1E91D5522940059DA17 /* Constants.m */,
				0E0FC1F21D5530090059DA17 /* NSManagedObject+ManagedContext.h */,
				0E0FC1F31D5530090059DA17 /* NSManagedObject+ManagedContext.m */,
			);
			name = Utilities;
			sourceTree = "<group>";
		};
		141B0E261D53EB14008CE05B = {
			isa = PBXGroup;
			children = (
				141B0E311D53EB14008CE05B /* MYtinerary */,
				141B0E301D53EB14008CE05B /* Products */,
			);
			sourceTree = "<group>";
		};
		141B0E301D53EB14008CE05B /* Products */ = {
			isa = PBXGroup;
			children = (
				141B0E2F1D53EB14008CE05B /* MYtinerary.app */,
			);
			name = Products;
			sourceTree = "<group>";
		};
		141B0E311D53EB14008CE05B /* MYtinerary */ = {
			isa = PBXGroup;
			children = (
				141B0E4C1D53ED67008CE05B /* App Global */,
				141B0E4D1D53ED6F008CE05B /* Controllers */,
				141B0E4E1D53ED78008CE05B /* Views */,
				0E0FC1EB1D55229B0059DA17 /* Utilities */,
				141B0E4F1D53EDA0008CE05B /* Models */,
				141B0E6B1D53F51B008CE05B /* Frameworks */,
				141B0E321D53EB14008CE05B /* Supporting Files */,
			);
			path = MYtinerary;
			sourceTree = "<group>";
		};
		141B0E321D53EB14008CE05B /* Supporting Files */ = {
			isa = PBXGroup;
			children = (
				141B0E331D53EB14008CE05B /* main.m */,
			);
			name = "Supporting Files";
			sourceTree = "<group>";
		};
		141B0E4C1D53ED67008CE05B /* App Global */ = {
			isa = PBXGroup;
			children = (
				141B0E351D53EB14008CE05B /* AppDelegate.h */,
				141B0E361D53EB14008CE05B /* AppDelegate.m */,
				147E196E1D5938C0006B6A50 /* Credentials.h */,
				141B0E461D53EB15008CE05B /* Info.plist */,
			);
			name = "App Global";
			sourceTree = "<group>";
		};
		141B0E4D1D53ED6F008CE05B /* Controllers */ = {
			isa = PBXGroup;
			children = (
				636B4E591D57AC7B00781B7F /* CustomLoginViewController.h */,
				636B4E5A1D57AC7B00781B7F /* CustomLoginViewController.m */,
				0E0FC2091D582E330059DA17 /* PhotoPickerViewController.h */,
				0E0FC20A1D582E330059DA17 /* PhotoPickerViewController.m */,
				0E0FC1EF1D5529EE0059DA17 /* MapViewController.h */,
				0E0FC1F01D5529EE0059DA17 /* MapViewController.m */,
				D946C4041D590C15002A4830 /* ParseDataController.h */,
				0E0FC2111D5AB4F70059DA17 /* PresentationViewController.h */,
				0E0FC2121D5AB4F70059DA17 /* PresentationViewController.m */,
				D946C4051D590C15002A4830 /* ParseDataController.m */,
				D946C4071D5A5DE4002A4830 /* RecordsViewController.h */,
				D946C4081D5A5DE4002A4830 /* RecordsViewController.m */,
				147E196F1D597844006B6A50 /* ItinerariesViewController.h */,
				147E19701D597844006B6A50 /* ItinerariesViewController.m */,
			);
			name = Controllers;
			sourceTree = "<group>";
		};
		141B0E4E1D53ED78008CE05B /* Views */ = {
			isa = PBXGroup;
			children = (
				0E0FC1F81D554CE50059DA17 /* CustomPointAnnotation.h */,
				0E0FC1F91D554CE50059DA17 /* CustomPointAnnotation.m */,
				0E0FC2141D5AB7D70059DA17 /* PresentationCollectionViewCell.h */,
				0E0FC2151D5AB7D70059DA17 /* PresentationCollectionViewCell.m */,
				0E0FC20C1D582E9C0059DA17 /* PhotoCollectionViewCell.h */,
				0E0FC20D1D582E9C0059DA17 /* PhotoCollectionViewCell.m */,
				141B0E411D53EB15008CE05B /* Assets.xcassets */,
				141B0E431D53EB15008CE05B /* LaunchScreen.storyboard */,
				63EAC2A41D5BB6BC00372F6B /* Main.storyboard */,
			);
			name = Views;
			sourceTree = "<group>";
		};
		141B0E4F1D53EDA0008CE05B /* Models */ = {
			isa = PBXGroup;
			children = (
				141B0E5C1D53EDD0008CE05B /* Entities */,
				141B0E521D53EDC6008CE05B /* Record.h */,
				141B0E531D53EDC6008CE05B /* Record.m */,
				141B0E561D53EDC6008CE05B /* Itinerary.h */,
				141B0E571D53EDC6008CE05B /* Itinerary.m */,
			);
			name = Models;
			sourceTree = "<group>";
		};
		141B0E5C1D53EDD0008CE05B /* Entities */ = {
			isa = PBXGroup;
			children = (
				141B0E631D53F3D9008CE05B /* Itinerary+CoreDataProperties.h */,
				141B0E641D53F3D9008CE05B /* Itinerary+CoreDataProperties.m */,
				141B0E651D53F3D9008CE05B /* Record+CoreDataProperties.h */,
				141B0E661D53F3D9008CE05B /* Record+CoreDataProperties.m */,
				141B0E3E1D53EB15008CE05B /* MYtinerary.xcdatamodeld */,
			);
			name = Entities;
			sourceTree = "<group>";
		};
		141B0E6B1D53F51B008CE05B /* Frameworks */ = {
			isa = PBXGroup;
			children = (
				637DE5471D55444C001547FB /* Bolts.framework */,
				637DE5491D554462001547FB /* Parse.framework */,
				637F66CE1D553E5B00A1B20B /* ParseUI.framework */,
				141B0E691D53F505008CE05B /* MapKit.framework */,
			);
			name = Frameworks;
			sourceTree = "<group>";
		};
/* End PBXGroup section */

/* Begin PBXNativeTarget section */
		141B0E2E1D53EB14008CE05B /* MYtinerary */ = {
			isa = PBXNativeTarget;
			buildConfigurationList = 141B0E491D53EB15008CE05B /* Build configuration list for PBXNativeTarget "MYtinerary" */;
			buildPhases = (
				141B0E2B1D53EB14008CE05B /* Sources */,
				141B0E2C1D53EB14008CE05B /* Frameworks */,
				141B0E2D1D53EB14008CE05B /* Resources */,
				637F66D01D553E7800A1B20B /* CopyFiles */,
			);
			buildRules = (
			);
			dependencies = (
			);
			name = MYtinerary;
			productName = MYtinerary;
			productReference = 141B0E2F1D53EB14008CE05B /* MYtinerary.app */;
			productType = "com.apple.product-type.application";
		};
/* End PBXNativeTarget section */

/* Begin PBXProject section */
		141B0E271D53EB14008CE05B /* Project object */ = {
			isa = PBXProject;
			attributes = {
				LastUpgradeCheck = 0730;
				ORGANIZATIONNAME = "Sung Kim";
				TargetAttributes = {
					141B0E2E1D53EB14008CE05B = {
						CreatedOnToolsVersion = 7.3.1;
					};
				};
			};
			buildConfigurationList = 141B0E2A1D53EB14008CE05B /* Build configuration list for PBXProject "MYtinerary" */;
			compatibilityVersion = "Xcode 3.2";
			developmentRegion = English;
			hasScannedForEncodings = 0;
			knownRegions = (
				en,
				Base,
			);
			mainGroup = 141B0E261D53EB14008CE05B;
			productRefGroup = 141B0E301D53EB14008CE05B /* Products */;
			projectDirPath = "";
			projectRoot = "";
			targets = (
				141B0E2E1D53EB14008CE05B /* MYtinerary */,
			);
		};
/* End PBXProject section */

/* Begin PBXResourcesBuildPhase section */
		141B0E2D1D53EB14008CE05B /* Resources */ = {
			isa = PBXResourcesBuildPhase;
			buildActionMask = 2147483647;
			files = (
				63EAC2A51D5BB6BC00372F6B /* Main.storyboard in Resources */,
				141B0E451D53EB15008CE05B /* LaunchScreen.storyboard in Resources */,
				141B0E421D53EB15008CE05B /* Assets.xcassets in Resources */,
			);
			runOnlyForDeploymentPostprocessing = 0;
		};
/* End PBXResourcesBuildPhase section */

/* Begin PBXSourcesBuildPhase section */
		141B0E2B1D53EB14008CE05B /* Sources */ = {
			isa = PBXSourcesBuildPhase;
			buildActionMask = 2147483647;
			files = (
				141B0E681D53F3D9008CE05B /* Record+CoreDataProperties.m in Sources */,
				0E0FC20E1D582E9C0059DA17 /* PhotoCollectionViewCell.m in Sources */,
				0E0FC20B1D582E330059DA17 /* PhotoPickerViewController.m in Sources */,
				D946C4091D5A5DE4002A4830 /* RecordsViewController.m in Sources */,
				141B0E371D53EB14008CE05B /* AppDelegate.m in Sources */,
				147E19711D597844006B6A50 /* ItinerariesViewController.m in Sources */,
				141B0E341D53EB14008CE05B /* main.m in Sources */,
				D946C4061D590C15002A4830 /* ParseDataController.m in Sources */,
				0E0FC2131D5AB4F70059DA17 /* PresentationViewController.m in Sources */,
				0E0FC1F11D5529EE0059DA17 /* MapViewController.m in Sources */,
				141B0E401D53EB15008CE05B /* MYtinerary.xcdatamodeld in Sources */,
				141B0E671D53F3D9008CE05B /* Itinerary+CoreDataProperties.m in Sources */,
				636B4E5B1D57AC7B00781B7F /* CustomLoginViewController.m in Sources */,
				141B0E5B1D53EDC6008CE05B /* Itinerary.m in Sources */,
				0E0FC2161D5AB7D70059DA17 /* PresentationCollectionViewCell.m in Sources */,
				141B0E591D53EDC6008CE05B /* Record.m in Sources */,
				0E0FC1F41D5530090059DA17 /* NSManagedObject+ManagedContext.m in Sources */,
				0E0FC1FA1D554CE50059DA17 /* CustomPointAnnotation.m in Sources */,
				0E0FC1EA1D5522940059DA17 /* Constants.m in Sources */,
			);
			runOnlyForDeploymentPostprocessing = 0;
		};
/* End PBXSourcesBuildPhase section */

/* Begin PBXVariantGroup section */
		141B0E431D53EB15008CE05B /* LaunchScreen.storyboard */ = {
			isa = PBXVariantGroup;
			children = (
				141B0E441D53EB15008CE05B /* Base */,
			);
			name = LaunchScreen.storyboard;
			sourceTree = "<group>";
		};
/* End PBXVariantGroup section */

/* Begin XCBuildConfiguration section */
		141B0E471D53EB15008CE05B /* Debug */ = {
			isa = XCBuildConfiguration;
			buildSettings = {
				ALWAYS_SEARCH_USER_PATHS = NO;
				CLANG_ANALYZER_NONNULL = YES;
				CLANG_CXX_LANGUAGE_STANDARD = "gnu++0x";
				CLANG_CXX_LIBRARY = "libc++";
				CLANG_ENABLE_MODULES = YES;
				CLANG_ENABLE_OBJC_ARC = YES;
				CLANG_WARN_BOOL_CONVERSION = YES;
				CLANG_WARN_CONSTANT_CONVERSION = YES;
				CLANG_WARN_DIRECT_OBJC_ISA_USAGE = YES_ERROR;
				CLANG_WARN_EMPTY_BODY = YES;
				CLANG_WARN_ENUM_CONVERSION = YES;
				CLANG_WARN_INT_CONVERSION = YES;
				CLANG_WARN_OBJC_ROOT_CLASS = YES_ERROR;
				CLANG_WARN_UNREACHABLE_CODE = YES;
				CLANG_WARN__DUPLICATE_METHOD_MATCH = YES;
				"CODE_SIGN_IDENTITY[sdk=iphoneos*]" = "iPhone Developer";
				COPY_PHASE_STRIP = NO;
				DEBUG_INFORMATION_FORMAT = dwarf;
				ENABLE_STRICT_OBJC_MSGSEND = YES;
				ENABLE_TESTABILITY = YES;
				GCC_C_LANGUAGE_STANDARD = gnu99;
				GCC_DYNAMIC_NO_PIC = NO;
				GCC_NO_COMMON_BLOCKS = YES;
				GCC_OPTIMIZATION_LEVEL = 0;
				GCC_PREPROCESSOR_DEFINITIONS = (
					"DEBUG=1",
					"$(inherited)",
				);
				GCC_WARN_64_TO_32_BIT_CONVERSION = YES;
				GCC_WARN_ABOUT_RETURN_TYPE = YES_ERROR;
				GCC_WARN_UNDECLARED_SELECTOR = YES;
				GCC_WARN_UNINITIALIZED_AUTOS = YES_AGGRESSIVE;
				GCC_WARN_UNUSED_FUNCTION = YES;
				GCC_WARN_UNUSED_VARIABLE = YES;
				IPHONEOS_DEPLOYMENT_TARGET = 9.3;
				MTL_ENABLE_DEBUG_INFO = YES;
				ONLY_ACTIVE_ARCH = YES;
				SDKROOT = iphoneos;
				TARGETED_DEVICE_FAMILY = "1,2";
			};
			name = Debug;
		};
		141B0E481D53EB15008CE05B /* Release */ = {
			isa = XCBuildConfiguration;
			buildSettings = {
				ALWAYS_SEARCH_USER_PATHS = NO;
				CLANG_ANALYZER_NONNULL = YES;
				CLANG_CXX_LANGUAGE_STANDARD = "gnu++0x";
				CLANG_CXX_LIBRARY = "libc++";
				CLANG_ENABLE_MODULES = YES;
				CLANG_ENABLE_OBJC_ARC = YES;
				CLANG_WARN_BOOL_CONVERSION = YES;
				CLANG_WARN_CONSTANT_CONVERSION = YES;
				CLANG_WARN_DIRECT_OBJC_ISA_USAGE = YES_ERROR;
				CLANG_WARN_EMPTY_BODY = YES;
				CLANG_WARN_ENUM_CONVERSION = YES;
				CLANG_WARN_INT_CONVERSION = YES;
				CLANG_WARN_OBJC_ROOT_CLASS = YES_ERROR;
				CLANG_WARN_UNREACHABLE_CODE = YES;
				CLANG_WARN__DUPLICATE_METHOD_MATCH = YES;
				"CODE_SIGN_IDENTITY[sdk=iphoneos*]" = "iPhone Developer";
				COPY_PHASE_STRIP = NO;
				DEBUG_INFORMATION_FORMAT = "dwarf-with-dsym";
				ENABLE_NS_ASSERTIONS = NO;
				ENABLE_STRICT_OBJC_MSGSEND = YES;
				GCC_C_LANGUAGE_STANDARD = gnu99;
				GCC_NO_COMMON_BLOCKS = YES;
				GCC_WARN_64_TO_32_BIT_CONVERSION = YES;
				GCC_WARN_ABOUT_RETURN_TYPE = YES_ERROR;
				GCC_WARN_UNDECLARED_SELECTOR = YES;
				GCC_WARN_UNINITIALIZED_AUTOS = YES_AGGRESSIVE;
				GCC_WARN_UNUSED_FUNCTION = YES;
				GCC_WARN_UNUSED_VARIABLE = YES;
				IPHONEOS_DEPLOYMENT_TARGET = 9.3;
				MTL_ENABLE_DEBUG_INFO = NO;
				SDKROOT = iphoneos;
				TARGETED_DEVICE_FAMILY = "1,2";
				VALIDATE_PRODUCT = YES;
			};
			name = Release;
		};
		141B0E4A1D53EB15008CE05B /* Debug */ = {
			isa = XCBuildConfiguration;
			buildSettings = {
				ASSETCATALOG_COMPILER_APPICON_NAME = AppIcon;
				FRAMEWORK_SEARCH_PATHS = (
					"$(inherited)",
					"$(PROJECT_DIR)",
				);
				INFOPLIST_FILE = MYtinerary/Info.plist;
				LD_RUNPATH_SEARCH_PATHS = "$(inherited) @executable_path/Frameworks";
				PRODUCT_BUNDLE_IDENTIFIER = "Sung-Kim.MYtinerary";
				PRODUCT_NAME = "$(TARGET_NAME)";
			};
			name = Debug;
		};
		141B0E4B1D53EB15008CE05B /* Release */ = {
			isa = XCBuildConfiguration;
			buildSettings = {
				ASSETCATALOG_COMPILER_APPICON_NAME = AppIcon;
				FRAMEWORK_SEARCH_PATHS = (
					"$(inherited)",
					"$(PROJECT_DIR)",
				);
				INFOPLIST_FILE = MYtinerary/Info.plist;
				LD_RUNPATH_SEARCH_PATHS = "$(inherited) @executable_path/Frameworks";
				PRODUCT_BUNDLE_IDENTIFIER = "Sung-Kim.MYtinerary";
				PRODUCT_NAME = "$(TARGET_NAME)";
			};
			name = Release;
		};
/* End XCBuildConfiguration section */

/* Begin XCConfigurationList section */
		141B0E2A1D53EB14008CE05B /* Build configuration list for PBXProject "MYtinerary" */ = {
			isa = XCConfigurationList;
			buildConfigurations = (
				141B0E471D53EB15008CE05B /* Debug */,
				141B0E481D53EB15008CE05B /* Release */,
			);
			defaultConfigurationIsVisible = 0;
			defaultConfigurationName = Release;
		};
		141B0E491D53EB15008CE05B /* Build configuration list for PBXNativeTarget "MYtinerary" */ = {
			isa = XCConfigurationList;
			buildConfigurations = (
				141B0E4A1D53EB15008CE05B /* Debug */,
				141B0E4B1D53EB15008CE05B /* Release */,
			);
			defaultConfigurationIsVisible = 0;
			defaultConfigurationName = Release;
		};
/* End XCConfigurationList section */

/* Begin XCVersionGroup section */
		141B0E3E1D53EB15008CE05B /* MYtinerary.xcdatamodeld */ = {
			isa = XCVersionGroup;
			children = (
				141B0E3F1D53EB15008CE05B /* MYtinerary.xcdatamodel */,
			);
			currentVersion = 141B0E3F1D53EB15008CE05B /* MYtinerary.xcdatamodel */;
			path = MYtinerary.xcdatamodeld;
			sourceTree = "<group>";
			versionGroupType = wrapper.xcdatamodel;
		};
/* End XCVersionGroup section */
	};
	rootObject = 141B0E271D53EB14008CE05B /* Project object */;
}
